# THIS IS AN AUTOGENERATED FILE. DO NOT EDIT THIS FILE DIRECTLY.
# yarn lockfile v1


"@capacitor-community/react-hooks@^0.0.11":
  version "0.0.11"
  resolved "https://registry.yarnpkg.com/@capacitor-community/react-hooks/-/react-hooks-0.0.11.tgz#6ac0889d888e1ff3659e32d63e2d8bbc08312771"
  integrity sha512-cDxzGQLTbWV91uw87DipG8Z3wz6JuEZPIQ22OTU2BaNEWd+nk71+fXv8OmUShbzzZTqFEIyRQjd7V9s24mQXJg==
